# THIS IS AN AUTOGENERATED FILE. DO NOT EDIT THIS FILE DIRECTLY.
# yarn lockfile v1


"@types/createjs-lib@*":
  "integrity" "sha1-+uguO6hgZmOxkOeJzsfZxyj8Qdc="
  "resolved" "https://registry.yarnpkg.com/@types/createjs-lib/-/createjs-lib-0.0.29.tgz"
  "version" "0.0.29"

"@types/easeljs@^1.0.0":
  "integrity" "sha512-DkhxqkgylaZGeuod35MCiv1Rix8GnBGv+URRBZt4rsMvhyi7Iap6SZbeEN5bD3b8BXHozHEKB/to9ohUDr3GIA=="
  "resolved" "https://registry.yarnpkg.com/@types/easeljs/-/easeljs-1.0.0.tgz"
  "version" "1.0.0"
  dependencies:
    "@types/createjs-lib" "*"
    "@types/tweenjs" "*"

"@types/preloadjs@*", "@types/preloadjs@^0.6.32":
  "integrity" "sha1-Es/3x/kuODingNQ4zknIzsmBgw0="
  "resolved" "https://registry.yarnpkg.com/@types/preloadjs/-/preloadjs-0.6.32.tgz"
  "version" "0.6.32"
  dependencies:
    "@types/createjs-lib" "*"

"@types/soundjs@^0.6.27":
  "integrity" "sha1-3SNwNQ6vcnfeXtVZQOPn0qAWsSQ="
  "resolved" "https://registry.yarnpkg.com/@types/soundjs/-/soundjs-0.6.27.tgz"
  "version" "0.6.27"
  dependencies:
    "@types/createjs-lib" "*"
    "@types/preloadjs" "*"

"@types/tweenjs@*", "@types/tweenjs@^1.0.0":
  "integrity" "sha512-qn0yChkBM0uCDdovXCyZT+HREWP5PaPWrGBuQZ0GIANHZ4E4PZ35vrczagmTyewRwTFJ82/TcYQAvozjNmfcTw=="
  "resolved" "https://registry.yarnpkg.com/@types/tweenjs/-/tweenjs-1.0.0.tgz"
  "version" "1.0.0"
  dependencies:
    "@types/createjs-lib" "*"

"createjs@^1.0.1":
  "integrity" "sha512-VutFczgM8GNzOSiFKlYEwFRgZRMQkZt34ooaewKi7lzxuQ7JSsUs/Y1qb95G4CKOnHA/C/yghCJ6wfivuKOawA=="
  "resolved" "https://registry.yarnpkg.com/createjs/-/createjs-1.0.1.tgz"
  "version" "1.0.1"

"easeljs@^1.0.2":
  "integrity" "sha512-PQTsiud32vrUIqZCbynjOJjCzoEp0xH+MRusRCdsZ1MzL4LCE2vp4Sa5cr6aShB3mK4vMZ8LFPnts4xuFhjEmg=="
  "resolved" "https://registry.yarnpkg.com/easeljs/-/easeljs-1.0.2.tgz"
  "version" "1.0.2"

"preloadjs@^1.0.1":
  "integrity" "sha512-XwdxL9bfoq9abJU4lVBJDVgbxWvQOk/BbuwXKEEG5BaduY7S8N1VXX4My5PM/UwW6Xf4uWAvWzwWlzb20uECxQ=="
  "resolved" "https://registry.yarnpkg.com/preloadjs/-/preloadjs-1.0.1.tgz"
  "version" "1.0.1"

"soundjs@^1.0.1":
  "integrity" "sha512-MgFPvmKYfpcNiE3X5XybNvScie3DMQlZgmNzUn4puBcpw64f4LqjH/fhM8Sb/eTJ8hK57Crr7mWy0bfJOqPj6Q=="
  "resolved" "https://registry.yarnpkg.com/soundjs/-/soundjs-1.0.1.tgz"
  "version" "1.0.1"

"tweenjs@^1.0.2":
  "integrity" "sha512-WnFozCNkUkmJtLqJyGrToxVojW2Srzudktr8BzFKQijQRVcmlq7Fc+qfo75ccnwIJGiRWbXKfg7qU67Tzbb1bg=="
  "resolved" "https://registry.yarnpkg.com/tweenjs/-/tweenjs-1.0.2.tgz"
  "version" "1.0.2"
